
Microsoft Visual Studio Solution File, Format Version 12.00
# Visual Studio Version 17
VisualStudioVersion = 17.11.35312.102
MinimumVisualStudioVersion = 10.0.40219.1
Project("{9A19103F-16F7-4668-BE54-9A1E7A4F7556}") = "YouTubeApiProject1", "YouTubeApiProject1\YouTubeApiProject1.csproj", "{D9E574ED-2644-4D9D-A77A-C8001F75D341}"
EndProject
Project("{2150E333-8FDC-42A3-9474-1A3956D46DE8}") = "Solution Items", "Solution Items", "{8EBB3D3E-B296-4C5F-AC9C-887CD37265A4}"
EndProject
Global
	GlobalSection(SolutionConfigurationPlatforms) = preSolution
		Debug|Any CPU = Debug|Any CPU
		Release|Any CPU = Release|Any CPU
	EndGlobalSection
	GlobalSection(ProjectConfigurationPlatforms) = postSolution
		{D9E574ED-2644-4D9D-A77A-C8001F75D341}.Debug|Any CPU.ActiveCfg = Debug|Any CPU
		{D9E574ED-2644-4D9D-A77A-C8001F75D341}.Debug|Any CPU.Build.0 = Debug|Any CPU
		{D9E574ED-2644-4D9D-A77A-C8001F75D341}.Release|Any CPU.ActiveCfg = Release|Any CPU
		{D9E574ED-2644-4D9D-A77A-C8001F75D341}.Release|Any CPU.Build.0 = Release|Any CPU
	EndGlobalSection
	GlobalSection(SolutionProperties) = preSolution
		HideSolutionNode = FALSE
	EndGlobalSection
	GlobalSection(ExtensibilityGlobals) = postSolution
		SolutionGuid = {8C22E9A7-80EC-4F11-846C-69B36D8782BF}
	EndGlobalSection
EndGlobal
